// !$*UTF8*$!
{
	archiveVersion = 1;
	classes = {
	};
	objectVersion = 46;
	objects = {

/* Begin PBXFileReference section */
		B96D6ACD1664FDDC00B9A9BE /* .kdev_include_paths */ = {isa = PBXFileReference; fileEncoding = 4; lastKnownFileType = text; path = .kdev_include_paths; sourceTree = "<group>"; };
		B96D6ACE1664FDDC00B9A9BE /* bcg2imca.c */ = {isa = PBXFileReference; fileEncoding = 4; lastKnownFileType = sourcecode.c.c; path = bcg2imca.c; sourceTree = "<group>"; };
		B96D6ACF1664FDDC00B9A9BE /* bounded.cpp */ = {isa = PBXFileReference; fileEncoding = 4; lastKnownFileType = sourcecode.cpp.cpp; path = bounded.cpp; sourceTree = "<group>"; };
		B96D6AD01664FDDC00B9A9BE /* debug.cpp */ = {isa = PBXFileReference; fileEncoding = 4; lastKnownFileType = sourcecode.cpp.cpp; path = debug.cpp; sourceTree = "<group>"; };
		B96D6AD11664FDDC00B9A9BE /* expected_time.cpp */ = {isa = PBXFileReference; fileEncoding = 4; lastKnownFileType = sourcecode.cpp.cpp; path = expected_time.cpp; sourceTree = "<group>"; };
		B96D6AD21664FDDC00B9A9BE /* long_run_average.cpp */ = {isa = PBXFileReference; fileEncoding = 4; lastKnownFileType = sourcecode.cpp.cpp; path = long_run_average.cpp; sourceTree = "<group>"; };
		B96D6AD31664FDDC00B9A9BE /* main.cpp */ = {isa = PBXFileReference; fileEncoding = 4; lastKnownFileType = sourcecode.cpp.cpp; path = main.cpp; sourceTree = "<group>"; };
		B96D6AD41664FDDC00B9A9BE /* read_file.cpp */ = {isa = PBXFileReference; fileEncoding = 4; lastKnownFileType = sourcecode.cpp.cpp; path = read_file.cpp; sourceTree = "<group>"; };
		B96D6AD51664FDDC00B9A9BE /* read_file_imc.cpp */ = {isa = PBXFileReference; fileEncoding = 4; lastKnownFileType = sourcecode.cpp.cpp; path = read_file_imc.cpp; sourceTree = "<group>"; };
		B96D6AD61664FDDC00B9A9BE /* sccs.cpp */ = {isa = PBXFileReference; fileEncoding = 4; lastKnownFileType = sourcecode.cpp.cpp; path = sccs.cpp; sourceTree = "<group>"; };
		B96D6AD71664FDDC00B9A9BE /* sparse.cpp */ = {isa = PBXFileReference; fileEncoding = 4; lastKnownFileType = sourcecode.cpp.cpp; path = sparse.cpp; sourceTree = "<group>"; };
		B96D6AD81664FDDC00B9A9BE /* unbounded.cpp */ = {isa = PBXFileReference; fileEncoding = 4; lastKnownFileType = sourcecode.cpp.cpp; path = unbounded.cpp; sourceTree = "<group>"; };
		B96D6ADA1664FDE200B9A9BE /* bcg2imca.h */ = {isa = PBXFileReference; fileEncoding = 4; lastKnownFileType = sourcecode.c.h; path = bcg2imca.h; sourceTree = "<group>"; };
		B96D6ADB1664FDE200B9A9BE /* bounded.h */ = {isa = PBXFileReference; fileEncoding = 4; lastKnownFileType = sourcecode.c.h; path = bounded.h; sourceTree = "<group>"; };
		B96D6ADC1664FDE200B9A9BE /* debug.h */ = {isa = PBXFileReference; fileEncoding = 4; lastKnownFileType = sourcecode.c.h; path = debug.h; sourceTree = "<group>"; };
		B96D6ADD1664FDE200B9A9BE /* expected_time.h */ = {isa = PBXFileReference; fileEncoding = 4; lastKnownFileType = sourcecode.c.h; path = expected_time.h; sourceTree = "<group>"; };
		B96D6ADE1664FDE200B9A9BE /* long_run_average.h */ = {isa = PBXFileReference; fileEncoding = 4; lastKnownFileType = sourcecode.c.h; path = long_run_average.h; sourceTree = "<group>"; };
		B96D6ADF1664FDE200B9A9BE /* read_file.h */ = {isa = PBXFileReference; fileEncoding = 4; lastKnownFileType = sourcecode.c.h; path = read_file.h; sourceTree = "<group>"; };
		B96D6AE01664FDE200B9A9BE /* read_file_imc.h */ = {isa = PBXFileReference; fileEncoding = 4; lastKnownFileType = sourcecode.c.h; path = read_file_imc.h; sourceTree = "<group>"; };
		B96D6AE11664FDE200B9A9BE /* sccs.h */ = {isa = PBXFileReference; fileEncoding = 4; lastKnownFileType = sourcecode.c.h; path = sccs.h; sourceTree = "<group>"; };
		B96D6AE21664FDE200B9A9BE /* sparse.h */ = {isa = PBXFileReference; fileEncoding = 4; lastKnownFileType = sourcecode.c.h; path = sparse.h; sourceTree = "<group>"; };
		B96D6AE31664FDE200B9A9BE /* unbounded.h */ = {isa = PBXFileReference; fileEncoding = 4; lastKnownFileType = sourcecode.c.h; path = unbounded.h; sourceTree = "<group>"; };
		B96D6AE41664FDEA00B9A9BE /* Makefile */ = {isa = PBXFileReference; fileEncoding = 4; lastKnownFileType = sourcecode.make; name = Makefile; path = ../Makefile; sourceTree = "<group>"; };
		B96D6AE51664FDF300B9A9BE /* README */ = {isa = PBXFileReference; fileEncoding = 4; lastKnownFileType = text; name = README; path = ../README; sourceTree = "<group>"; };
		B96D6AE61664FDFB00B9A9BE /* LICENSE */ = {isa = PBXFileReference; fileEncoding = 4; lastKnownFileType = text; name = LICENSE; path = ../LICENSE; sourceTree = "<group>"; };
		B98752501704446800F35D50 /* sccs2.h */ = {isa = PBXFileReference; fileEncoding = 4; lastKnownFileType = sourcecode.c.h; path = sccs2.h; sourceTree = "<group>"; };
		B9B5298916CBA3E100E6A0DD /* sccs2.cpp */ = {isa = PBXFileReference; fileEncoding = 4; lastKnownFileType = sourcecode.cpp.cpp; path = sccs2.cpp; sourceTree = "<group>"; };
/* End PBXFileReference section */

/* Begin PBXGroup section */
		B96D6ABF1664FCFB00B9A9BE = {
			isa = PBXGroup;
			children = (
				B96D6AE61664FDFB00B9A9BE /* LICENSE */,
				B96D6AE51664FDF300B9A9BE /* README */,
				B96D6AE41664FDEA00B9A9BE /* Makefile */,
				B96D6AD91664FDE200B9A9BE /* include */,
				B96D6ACC1664FDDC00B9A9BE /* src */,
			);
			sourceTree = "<group>";
		};
		B96D6ACC1664FDDC00B9A9BE /* src */ = {
			isa = PBXGroup;
			children = (
				B9B5298916CBA3E100E6A0DD /* sccs2.cpp */,
				B96D6ACD1664FDDC00B9A9BE /* .kdev_include_paths */,
				B96D6ACE1664FDDC00B9A9BE /* bcg2imca.c */,
				B96D6ACF1664FDDC00B9A9BE /* bounded.cpp */,
				B96D6AD01664FDDC00B9A9BE /* debug.cpp */,
				B96D6AD11664FDDC00B9A9BE /* expected_time.cpp */,
				B96D6AD21664FDDC00B9A9BE /* long_run_average.cpp */,
				B96D6AD31664FDDC00B9A9BE /* main.cpp */,
				B96D6AD41664FDDC00B9A9BE /* read_file.cpp */,
				B96D6AD51664FDDC00B9A9BE /* read_file_imc.cpp */,
				B96D6AD61664FDDC00B9A9BE /* sccs.cpp */,
				B96D6AD71664FDDC00B9A9BE /* sparse.cpp */,
				B96D6AD81664FDDC00B9A9BE /* unbounded.cpp */,
			);
			name = src;
			path = ../src;
			sourceTree = "<group>";
		};
		B96D6AD91664FDE200B9A9BE /* include */ = {
			isa = PBXGroup;
			children = (
				B98752501704446800F35D50 /* sccs2.h */,
				B96D6ADA1664FDE200B9A9BE /* bcg2imca.h */,
				B96D6ADB1664FDE200B9A9BE /* bounded.h */,
				B96D6ADC1664FDE200B9A9BE /* debug.h */,
				B96D6ADD1664FDE200B9A9BE /* expected_time.h */,
				B96D6ADE1664FDE200B9A9BE /* long_run_average.h */,
				B96D6ADF1664FDE200B9A9BE /* read_file.h */,
				B96D6AE01664FDE200B9A9BE /* read_file_imc.h */,
				B96D6AE11664FDE200B9A9BE /* sccs.h */,
				B96D6AE21664FDE200B9A9BE /* sparse.h */,
				B96D6AE31664FDE200B9A9BE /* unbounded.h */,
			);
			name = include;
			path = ../include;
			sourceTree = "<group>";
		};
/* End PBXGroup section */

/* Begin PBXLegacyTarget section */
		B96D6AC61664FCFB00B9A9BE /* imca */ = {
			isa = PBXLegacyTarget;
			buildArgumentsString = "$(ACTION)";
			buildConfigurationList = B96D6AC91664FCFB00B9A9BE /* Build configuration list for PBXLegacyTarget "imca" */;
			buildPhases = (
			);
			buildToolPath = /usr/bin/make;
			dependencies = (
			);
			name = imca;
			passBuildSettingsInEnvironment = 1;
			productName = imca;
		};
/* End PBXLegacyTarget section */

/* Begin PBXProject section */
		B96D6AC11664FCFB00B9A9BE /* Project object */ = {
			isa = PBXProject;
			attributes = {
				LastUpgradeCheck = 0460;
				ORGANIZATIONNAME = "Dennis Guck";
			};
			buildConfigurationList = B96D6AC41664FCFB00B9A9BE /* Build configuration list for PBXProject "imca" */;
			compatibilityVersion = "Xcode 3.2";
			developmentRegion = English;
			hasScannedForEncodings = 0;
			knownRegions = (
				en,
			);
			mainGroup = B96D6ABF1664FCFB00B9A9BE;
			projectDirPath = "";
			projectRoot = "";
			targets = (
				B96D6AC61664FCFB00B9A9BE /* imca */,
			);
		};
/* End PBXProject section */

/* Begin XCBuildConfiguration section */
		B96D6AC71664FCFB00B9A9BE /* Debug */ = {
			isa = XCBuildConfiguration;
			buildSettings = {
				ALWAYS_SEARCH_USER_PATHS = NO;
				ARCHS = "$(ARCHS_STANDARD_64_BIT)";
				CLANG_CXX_LANGUAGE_STANDARD = "gnu++0x";
				CLANG_CXX_LIBRARY = "libc++";
				CLANG_WARN_EMPTY_BODY = YES;
				CLANG_WARN__DUPLICATE_METHOD_MATCH = YES;
				COPY_PHASE_STRIP = NO;
				GCC_C_LANGUAGE_STANDARD = gnu99;
				GCC_DYNAMIC_NO_PIC = NO;
				GCC_ENABLE_OBJC_EXCEPTIONS = YES;
				GCC_OPTIMIZATION_LEVEL = 0;
				GCC_PREPROCESSOR_DEFINITIONS = (
					"DEBUG=1",
					"$(inherited)",
				);
				GCC_SYMBOLS_PRIVATE_EXTERN = NO;
				GCC_WARN_64_TO_32_BIT_CONVERSION = YES;
				GCC_WARN_ABOUT_RETURN_TYPE = YES;
				GCC_WARN_UNINITIALIZED_AUTOS = YES;
				GCC_WARN_UNUSED_VARIABLE = YES;
				MACOSX_DEPLOYMENT_TARGET = 10.8;
				ONLY_ACTIVE_ARCH = YES;
				SDKROOT = macosx;
			};
			name = Debug;
		};
		B96D6AC81664FCFB00B9A9BE /* Release */ = {
			isa = XCBuildConfiguration;
			buildSettings = {
				ALWAYS_SEARCH_USER_PATHS = NO;
				ARCHS = "$(ARCHS_STANDARD_64_BIT)";
				CLANG_CXX_LANGUAGE_STANDARD = "gnu++0x";
				CLANG_CXX_LIBRARY = "libc++";
				CLANG_WARN_EMPTY_BODY = YES;
				CLANG_WARN__DUPLICATE_METHOD_MATCH = YES;
				COPY_PHASE_STRIP = YES;
				DEBUG_INFORMATION_FORMAT = "dwarf-with-dsym";
				GCC_C_LANGUAGE_STANDARD = gnu99;
				GCC_ENABLE_OBJC_EXCEPTIONS = YES;
				GCC_WARN_64_TO_32_BIT_CONVERSION = YES;
				GCC_WARN_ABOUT_RETURN_TYPE = YES;
				GCC_WARN_UNINITIALIZED_AUTOS = YES;
				GCC_WARN_UNUSED_VARIABLE = YES;
				MACOSX_DEPLOYMENT_TARGET = 10.8;
				SDKROOT = macosx;
			};
			name = Release;
		};
		B96D6ACA1664FCFB00B9A9BE /* Debug */ = {
			isa = XCBuildConfiguration;
			buildSettings = {
				COMBINE_HIDPI_IMAGES = YES;
				DEBUGGING_SYMBOLS = YES;
				GCC_GENERATE_DEBUGGING_SYMBOLS = YES;
				GCC_OPTIMIZATION_LEVEL = 0;
				OTHER_CFLAGS = "";
				OTHER_LDFLAGS = "";
				PRODUCT_NAME = "$(TARGET_NAME)";
			};
			name = Debug;
		};
		B96D6ACB1664FCFB00B9A9BE /* Release */ = {
			isa = XCBuildConfiguration;
			buildSettings = {
				COMBINE_HIDPI_IMAGES = YES;
				OTHER_CFLAGS = "";
				OTHER_LDFLAGS = "";
				PRODUCT_NAME = "$(TARGET_NAME)";
			};
			name = Release;
		};
/* End XCBuildConfiguration section */

/* Begin XCConfigurationList section */
		B96D6AC41664FCFB00B9A9BE /* Build configuration list for PBXProject "imca" */ = {
			isa = XCConfigurationList;
			buildConfigurations = (
				B96D6AC71664FCFB00B9A9BE /* Debug */,
				B96D6AC81664FCFB00B9A9BE /* Release */,
			);
			defaultConfigurationIsVisible = 0;
			defaultConfigurationName = Release;
		};
		B96D6AC91664FCFB00B9A9BE /* Build configuration list for PBXLegacyTarget "imca" */ = {
			isa = XCConfigurationList;
			buildConfigurations = (
				B96D6ACA1664FCFB00B9A9BE /* Debug */,
				B96D6ACB1664FCFB00B9A9BE /* Release */,
			);
			defaultConfigurationIsVisible = 0;
			defaultConfigurationName = Release;
		};
/* End XCConfigurationList section */
	};
	rootObject = B96D6AC11664FCFB00B9A9BE /* Project object */;
}
